{
  "name": "answerwritingmitra",
  "version": "1.0.0",
  "lockfileVersion": 3,
  "requires": true,
  "packages": {
    "": {
      "name": "answerwritingmitra",
      "version": "1.0.0",
      "license": "ISC",
      "dependencies": {
        "@google/genai": "0.15.0",
        "react": "18.3.1",
        "react-dom": "18.3.1"
      },
      "devDependencies": {
        "@types/react": "^18.3.3",
        "@types/react-dom": "^18.3.0",
        "@vitejs/plugin-react": "^4.3.1",
        "typescript": "^5.5.3",
        "vite": "^5.3.1"
      }
    },
    "node_modules/@babel/core": {
      "version": "7.24.7",
      "resolved": "https://registry.npmjs.org/@babel/core/-/core-7.24.7.tgz",
      "integrity": "sha512-B6gA23hC4Pz09sCUSWAJ4Pz8b7vDU3W6E3h4b5mU8iTCQmdWiDu3mLVi2yXxUIh+MAwGqY0f8Ew4vE2yI1aGmA==",
      "dev": true,
      "dependencies": {
        "@babel/helper-compilation-targets": "^7.24.7",
        "@babel/helper-plugin-utils": "^7.24.7",
        "@babel/template": "^7.24.7",
        "@babel/traverse": "^7.24.7",
        "@babel/types": "^7.24.7",
        "convert-source-map": "^2.0.0",
        "gensync": "^1.0.0-beta.2",
        "json5": "^2.2.3",
        "semver": "^6.3.1"
      },
      "engines": {
        "node": ">=6.9.0"
      },
      "funding": {
        "type": "opencollective",
        "url": "https://opencollective.com/babel"
      }
    },
    "node_modules/@babel/generator": {
      "version": "7.24.7",
      "resolved": "https://registry.npmjs.org/@babel/generator/-/generator-7.24.7.tgz",
      "integrity": "sha512-n3Y2P0xAY3yomg2O3wY93yW2+a//ES5sW33C8Oga0ICg3UQo92yM5t3t0Z2D98HK1cqtztXENH2fls5pIAv3VQ==",
      "dev": true,

      "dependencies": {
        "@babel/types": "^7.24.7",
        "jsesc": "^2.5.1"
      },
      "engines": {
        "node": ">=6.9.0"
      }
    },
    "node_modules/@babel/helper-compilation-targets": {
      "version": "7.24.7",
      "resolved": "https://registry.npmjs.org/@babel/helper-compilation-targets/-/helper-compilation-targets-7.24.7.tgz",
      "integrity": "sha512-Y1yYDC2+yvAvsQJ0234t5FJWDCpej1uRyVpcyi0vohi1Wb1KIMw38Nwsx4F5aTRhF5K2suu2E21KzOg2iK4EBA==",
      "dev": true,

      "dependencies": {
        "@babel/compat-data": "^7.24.7",
        "@babel/helper-validator-option": "^7.24.7",
        "browserslist": "^4.23.0",
        "semver": "^6.3.1"
      },
      "engines": {
        "node": ">=6.9.0"
      }
    },
    "node_modules/@babel/helper-plugin-utils": {
      "version": "7.24.7",
      "resolved": "https://registry.npmjs.org/@babel/helper-plugin-utils/-/helper-plugin-utils-7.24.7.tgz",
      "integrity": "sha512-gKx2URx4uBE/PDC2GCEplzwAmZTp62E6I90Ct3wR0yQ5pGIsb5WkNgkKiH4ySPSv4NRysg2v4D2xV0yESb1TTA==",
      "dev": true,

      "engines": {
        "node": ">=6.9.0"
      }
    },
    "node_modules/@babel/helper-validator-option": {
      "version": "7.24.7",
      "resolved": "https://registry.npmjs.org/@babel/helper-validator-option/-/helper-validator-option-7.24.7.tgz",
      "integrity": "sha512-85QSjSQG3v2HhDBl2i29AgCtkQmtbMyxZIybeVEK4S3Tf6Yya2P7xV+i9I2oTz/yA1vWb3hGsK1M2/XyO202mg==",
      "dev": true,

      "engines": {
        "node": ">=6.9.0"
      }
    },
    "node_modules/@babel/highlight": {
      "version": "7.24.7",
      "resolved": "https://registry.npmjs.org/@babel/highlight/-/highlight-7.24.7.tgz",
      "integrity": "sha512-pU3lZDqgIab9zXcu+tQAbxDg3PZxOa11TqLy80fAyx3tGws3S+Y4vGv5KWqD5k3v23zkxRlM7L8fBTE6T5i2FA==",
      "dev": true,

      "dependencies": {
        "@babel/helper-validator-option": "^7.24.7",
        "chalk": "^2.0.0",
        "js-tokens": "^4.0.0"
      },
      "engines": {
        "node": ">=6.9.0"
      }
    },
    "node_modules/@babel/parser": {
      "version": "7.24.7",
      "resolved": "https://registry.npmjs.org/@babel/parser/-/parser-7.24.7.tgz",
      "integrity": "sha512-nLg9D/+gYg8TNcF5uKfNRbQyAWXG+192UyuPcoo5Cincjg4i3Lw/iX/92Q/bLwxdPMo2lIC/iDlY3Qe3bOfr4w==",
      "dev": true,
      "bin": {
        "parser": "bin/babel-parser.js"
      },
      "engines": {
        "node": ">=6.9.0"
      }
    },
    "node_modules/@babel/template": {
      "version": "7.24.7",
      "resolved": "https://registry.npmjs.org/@babel/template/-/template-7.24.7.tgz",
      "integrity": "sha512-n2z2T1Y+3E2fU5gHwe51oB+68k/K0y3zGqZ34vL5eUn6eZXFk+E3iieesnS/d9sZlQgrrwUSrX3sLY3FqTzHcA==",
      "dev": true,

      "dependencies": {
        "@babel/parser": "^7.24.7",
        "@babel/types": "^7.24.7"
      },
      "engines": {
        "node": ">=6.9.0"
      }
    },
    "node_modules/@babel/traverse": {
      "version": "7.24.7",
      "resolved": "https://registry.npmjs.org/@babel/traverse/-/traverse-7.24.7.tgz",
      "integrity": "sha512-d9XpYcHyD/p29Zf2TfE7L/S4xR4P0fT5/ycb4MzxMvPqut/p4OaY9qt+tER/Ho82e+vD0A+gYkLz2t889J/61w==",
      "dev": true,

      "dependencies": {
        "@babel/generator": "^7.24.7",
        "@babel/helper-plugin-utils": "^7.24.7",
        "@babel/parser": "^7.24.7",
        "@babel/types": "^7.24.7",
        "debug": "^4.1.0",
        "globals": "^11.1.0"
      },
      "engines": {
        "node": ">=6.9.0"
      }
    },
    "node_modules/@babel/types": {
      "version": "7.24.7",
      "resolved": "https://registry.npmjs.org/@babel/types/-/types-7.24.7.tgz",
      "integrity": "sha512-QoKnGgI3u4yY2E8xVjY6YFunNf2M3c8dYp8pPOPI4snJNQ6rQ8z+W2/H6OAGaNqt81y2vj+hH+4e2C6I4r4iag==",
      "dev": true,

      "dependencies": {
        "@babel/helper-validator-option": "^7.24.7",
        "to-fast-properties": "^2.0.0"
      },
      "engines": {
        "node": ">=6.9.0"
      }
    },
    "node_modules/@google/genai": {
      "version": "0.15.0",
      "resolved": "https://registry.npmjs.org/@google/genai/-/genai-0.15.0.tgz",
      "integrity": "sha512-n89Xf38B6s/H+4hP5f60wO7xQ73W8N/Uq2CjSjQ8qI2v/t52tT76rJz7+8S5Y2A3s/4P/v/F9R8cZQ=="
    },
    "node_modules/@types/node": {
      "version": "20.14.8",
      "resolved": "https://registry.npmjs.org/@types/node/-/node-20.14.8.tgz",
      "integrity": "sha512-q/OKv2/8g2/2Z9bULpAECjEMQqzV6e5tThW/W+q2M4IuT+iHLEebS5B/3SjXy6gXlZtYEZ203nUtgAxqH2lD4g==",
      "dev": true,
      "dependencies": {
        "undici-types": "~5.26.4"
      }
    },
    "node_modules/@types/prop-types": {
      "version": "15.7.12",
      "resolved": "https://registry.npmjs.org/@types/prop-types/-/prop-types-15.7.12.tgz",
      "integrity": "sha512-5zvhXYS3icfNlvmqgAB9lCUN1aOrSQ5sUgCC+XAKIT3dYV3C92L8Kk/d/L9L79sAqqo4V3d8T/3Rj2vS37A9sA==",
      "dev": true
    },
    "node_modules/@types/react": {
      "version": "18.3.3",
      "resolved": "https://registry.npmjs.org/@types/react/-/react-18.3.3.tgz",
      "integrity": "sha512-hti/R0pS0q1/xx+TsI73XIqk26eIroU7/W+VvBstQg2xDn+Ogn31Oo+KXS2A2QGv1wcrgXG4gY+e76CRpyoc3w==",
      "dev": true,
      "dependencies": {
        "@types/prop-types": "*",
        "csstype": "^3.0.2"
      }
    },
    "node_modules/@types/react-dom": {
      "version": "18.3.0",
      "resolved": "https://registry.npmjs.org/@types/react-dom/-/react-dom-18.3.0.tgz",
      "integrity": "sha512-dG3s2OHfb6D4l2fkKz/yPOyyPA3dbrTdS/iQx+p/3d9pY8sT7l0Z3aJG8h1P3i3yH2r4xhx8G/5i5M2VT/Yf3w==",
      "dev": true,
      "dependencies": {
        "@types/react": "*"
      }
    },
    "node_modules/@vitejs/plugin-react": {
      "version": "4.3.1",
      "resolved": "https://registry.npmjs.org/@vitejs/plugin-react/-/plugin-react-4.3.1.tgz",
      "integrity": "sha512-Xkkl4K8GFrsQ8fHP2e14urYIeL2s555JbrsB5H2Qo3s3E0M3lwdWJ1KXPz6nF5hCq+kE/+p/1J9rC+y/j3GGIw==",
      "dev": true,
      "dependencies": {
        "@babel/core": "^7.24.0",
        "@babel/plugin-transform-react-jsx-decaled": "^7.24.0",
        "@babel/plugin-transform-react-jsx-self": "^7.24.0",
        "@babel/plugin-transform-react-pure-annotations": "^7.24.0",
        "acorn-jsx": "^5.3.2",
        "fast-glob": "^3.3.2"
      },
      "engines": {
        "node": ">=18.0.0"
      },
      "peerDependencies": {
        "vite": "^4.5.2 || ^5.0.0"
      }
    },
    "node_modules/acorn": {
      "version": "8.11.3",
      "resolved": "https://registry.npmjs.org/acorn/-/acorn-8.11.3.tgz",
      "integrity": "sha512-Y9r2DT5lNHpLyEGwBd0x0o1/OUucwCz+gE3wkgbF9h3V4h6IuGfD12eF8cT5PS3IIt1gV1MikOdL+lR0e9yRhg==",
      "dev": true,
      "bin": {
        "acorn": "bin/acorn"
      },
      "engines": {
        "node": ">=0.4.0"
      }
    },
    "node_modules/acorn-jsx": {
      "version": "5.3.2",
      "resolved": "https://registry.npmjs.org/acorn-jsx/-/acorn-jsx-5.3.2.tgz",
      "integrity": "sha512-rq9s+JASXfCHgNqMrqHk6qMyabnbyFBYvxbIm+cQn7SAiGnM+c7zO9aZcpa3I39CpHtv2eEz62TESAfTwI31/w==",
      "dev": true,
      "peerDependencies": {
        "acorn": "^6.0.0 || ^7.0.0 || ^8.0.0"
      }
    },
    "node_modules/ansi-styles": {
      "version": "3.2.1",
      "resolved": "https://registry.npmjs.org/ansi-styles/-/ansi-styles-3.2.1.tgz",
      "integrity": "sha512-VT0ZI6kZRdTh8YyJw3SMbYm/u+NqfsAxEpWO0Pf9sq8/e94WxxOpPKx9FR1FlyCtOVDNOQ+8ntl/FPlDvE2USžA==",
      "dev": true,
      "dependencies": {
        "color-convert": "^1.9.0"
      },
      "engines": {
        "node": ">=4"
      }
    },
    "node_modules/braces": {
      "version": "3.0.3",
      "resolved": "https://registry.npmjs.org/braces/-/braces-3.0.3.tgz",
      "integrity": "sha512-yQbXgO/OSZVD2IsiLlN+94yG3E8HAgXvOYd1z1i/am3WSSBB4Qpf3t9eG6eR5f/S1808HYeRjyn/prBE20p3rw==",
      "dev": true,
      "dependencies": {
        "fill-range": "^7.0.1"
      },
      "engines": {
        "node": ">=8"
      }
    },
    "node_modules/browserslist": {
      "version": "4.23.0",
      "resolved": "https://registry.npmjs.org/browserslist/-/browserslist-4.23.0.tgz",
      "integrity": "sha512-30/dYde11k4E39S1TGlE4+8i+w1y09f0pB6ChpGf0a2pWJgfbA96TJgP2Y71x0A6q72z2dNS+2Ezgw0Q9g==",
      "dev": true,
      "funding": [
        {
          "type": "opencollective",
          "url": "https://opencollective.com/browserslist"
        },
        {
          "type": "tidelift",
          "url": "https://tidelift.com/subscription/pkg/npm-browserslist"
        },
        {
          "type": "github",
          "url": "https://github.com/sponsors/ai"
        }
      ],
      "dependencies": {
        "caniuse-lite": "^1.0.30001614",
        "electron-to-chromium": "^1.4.783",
        "node-releases": "^2.0.14",
        "update-browserslist-db": "^1.0.16"
      },
      "bin": {
        "browserslist": "cli.js"
      },
      "engines": {
        "node": "^12 || ^14 || >=16"
      }
    },
    "node_modules/caniuse-lite": {
      "version": "1.0.30001642",
      "resolved": "https://registry.npmjs.org/caniuse-lite/-/caniuse-lite-1.0.30001642.tgz",
      "integrity": "sha512-H/lIvpY24AIZpU02J22V4s8PXeWn1D1Q+xMibdJzbOa23hL5/Tj44gqK0hStkQ5QnJUXwLqK0L/q4eP2f+hVgg==",
      "dev": true,
      "funding": [
        {
          "type": "opencollective",
          "url": "https://opencollective.com/browserslist"
        },
        {
          "type": "tidelift",
          "url": "https://tidelift.com/subscription/pkg/npm-caniuse-lite"
        }
      ]
    },
    "node_modules/chalk": {
      "version": "2.4.2",
      "resolved": "https://registry.npmjs.org/chalk/-/chalk-2.4.2.tgz",
      "integrity": "sha512-Mti+f9lpJNcwF4tWV8/OrTTtF1gZi+f8FqlyAdouralc5Far1DpoUlFkOlk9jpIe3SzoRYTEzSqS8NuDyrgA9A==",
      "dev": true,
      "dependencies": {
        "ansi-styles": "^3.2.1",
        "escape-string-regexp": "^1.0.5",
        "supports-color": "^5.3.0"
      },
      "engines": {
        "node": ">=4"
      }
    },
    "node_modules/color-convert": {
      "version": "1.9.3",
      "resolved": "https://registry.npmjs.org/color-convert/-/color-convert-1.9.3.tgz",
      "integrity": "sha512-QfAUtd+vFdAtFQhcaRBMEwAfGIV8U5tqQTcv1vdsoF/khegsLAuDHKprAUxalU06bMV8HwbD2TBFzXDgOg8OxA==",
      "dev": true,
      "dependencies": {
        "color-name": "1.1.3"
      }
    },
    "node_modules/color-name": {
      "version": "1.1.3",
      "resolved": "https://registry.npmjs.org/color-name/-/color-name-1.1.3.tgz",
      "integrity": "sha512-72fSenhMw2ACoPKGNvIYgdREVb+cYJXweJVvDBLA85OBHUcSCH5+OBzOPlgnpvZxGyS+uPyDbHwKGyoawjI9bw==",
      "dev": true
    },
    "node_modules/convert-source-map": {
      "version": "2.0.0",
      "resolved": "https://registry.npmjs.org/convert-source-map/-/convert-source-map-2.0.0.tgz",
      "integrity": "sha512-KvpKdz15+/86NFkLp9FCMXvAowz3A0a0X9xK3vr2b6iQG0vH8b9yJG4MvP1tA6Utry9s79sohVd/awsyCj+y4A==",
      "dev": true
    },
    "node_modules/csstype": {
      "version": "3.1.3",
      "resolved": "https://registry.npmjs.org/csstype/-/csstype-3.1.3.tgz",
      "integrity": "sha512-M1uQkMl8r3qOkIPDfsEIpD3UXgrTUyN+0Lppa4c4pDLlVEdY1I21SijGDsVpIM6+IqfgY8aslGoo6J/s2S2wFw==",
      "dev": true
    },
    "node_modules/debug": {
      "version": "4.3.5",
      "resolved": "https://registry.npmjs.org/debug/-/debug-4.3.5.tgz",
      "integrity": "sha512-Y2F01jF1r6IuiCYIFZMscG99Ch/MEFlSAx5ENTT/QunK21fG/0aVQP1I3kzfQEZiCkxBCYn19dI3eDCKcsPq/Q==",
      "dev": true,
      "dependencies": {
        "ms": "2.1.2"
      },
      "engines": {
        "node": ">=6.0"
      },
      "peerDependenciesMeta": {
        "supports-color": {
          "optional": true
        }
      }
    },
    "node_modules/electron-to-chromium": {
      "version": "1.4.856",
      "resolved": "https://registry.npmjs.org/electron-to-chromium/-/electron-to-chromium-1.4.856.tgz",
      "integrity": "sha512-q2p/Vj0Tfls3MvsrS8Z+qCq/l7306/D5J7xLu8L2JjV9JQNEX8KyJz98UjWbT2K3KGHrA0xcY+K5yRbi8J7y/A==",
      "dev": true
    },
    "node_modules/esbuild": {
      "version": "0.21.5",
      "resolved": "https://registry.npmjs.org/esbuild/-/esbuild-0.21.5.tgz",
      "integrity": "sha512-dC3rV35fCEqWEx09Vd7aYgo+48eBdnL1y7g9+3pvtsD0L+pCjKhAWsP+4y+5Kj/2e1lK+sOigG5SjJzbbGvqXw==",
      "dev": true,
      "hasInstallScript": true,
      "bin": {
        "esbuild": "bin/esbuild"
      },
      "engines": {
        "node": ">=12"
      },
      "optionalDependencies": {
        "@esbuild/android-arm": "0.21.5",
        "@esbuild/android-arm64": "0.21.5",
        "@esbuild/android-x64": "0.21.5",
        "@esbuild/darwin-arm64": "0.21.5",
        "@esbuild/darwin-x64": "0.21.5",
        "@esbuild/freebsd-arm64": "0.21.5",
        "@esbuild/freebsd-x64": "0.21.5",
        "@esbuild/linux-arm": "0.21.5",
        "@esbuild/linux-arm64": "0.21.5",
        "@esbuild/linux-ia32": "0.21.5",
        "@esbuild/linux-loong64": "0.21.5",
        "@esbuild/linux-mips64el": "0.21.5",
        "@esbuild/linux-ppc64": "0.21.5",
        "@esbuild/linux-riscv64": "0.21.5",
        "@esbuild/linux-s390x": "0.21.5",
        "@esbuild/linux-x64": "0.21.5",
        "@esbuild/netbsd-x64": "0.21.5",
        "@esbuild/openbsd-x64": "0.21.5",
        "@esbuild/sunos-x64": "0.21.5",
        "@esbuild/win32-arm64": "0.21.5",
        "@esbuild/win32-ia32": "0.21.5",
        "@esbuild/win32-x64": "0.21.5"
      }
    },
    "node_modules/escape-string-regexp": {
      "version": "1.0.5",
      "resolved": "https://registry.npmjs.org/escape-string-regexp/-/escape-string-regexp-1.0.5.tgz",
      "integrity": "sha512-vbRorB5FUQWvla16U8R/qgaFIya2qGzwDrA4pDeaLdq3GLCiRLFiJOKB0cvCxRgPkZ7A0GInWJLVbOqftwyIwg==",
      "dev": true,
      "engines": {
        "node": ">=0.8.0"
      }
    },
    "node_modules/fast-glob": {
      "version": "3.3.2",
      "resolved": "https://registry.npmjs.org/fast-glob/-/fast-glob-3.3.2.tgz",
      "integrity": "sha512-oX2ruAFQwf/Orj8m737Y5I3IPm32xqvA03lZ7I1OstP6i1a0yHInR5ltxK1AUbso9gN7UNi7I09w6FrlO/qA2w==",
      "dev": true,
      "dependencies": {
        "@nodelib/fs.stat": "^2.0.2",
        "glob-parent": "^5.1.2",
        "micromatch": "^4.0.5",
        "merge2": "^1.3.0"
      },
      "engines": {
        "node": ">=8"
      }
    },
    "node_modules/fill-range": {
      "version": "7.1.1",
      "resolved": "https://registry.npmjs.org/fill-range/-/fill-range-7.1.1.tgz",
      "integrity": "sha512-Y7zZ222gZSo/8wG0W2f2hP/d/MB2f2aYc6d74hAFO5m3wU+U95oOL6w4zMv2d4jQfHWEZz2tpqgJzbt0s3Q==",
      "dev": true,
      "dependencies": {
        "to-regex-range": "^5.0.1"
      },
      "engines": {
        "node": ">=8"
      }
    },
    "node_modules/gensync": {
      "version": "1.0.0-beta.2",
      "resolved": "https://registry.npmjs.org/gensync/-/gensync-1.0.0-beta.2.tgz",
      "integrity": "sha512-3hN7NaskYvMDMypcG/1I6z4EwRKyAEKb7HanT8J4vPvrMAYB4FhPnDibq4Ol6wUs5PabcjD9g/WkMGTRYoA6aA==",
      "dev": true,
      "engines": {
        "node": ">=6.9.0"
      }
    },
    "node_modules/glob-parent": {
      "version": "5.1.2",
      "resolved": "https://registry.npmjs.org/glob-parent/-/glob-parent-5.1.2.tgz",
      "integrity": "sha512-AOIgSQCepiupwL9eHPap+z0IQ4dt2Je97CwEGPqOfgo99EbgZhdnxVfRYO2BTJFW BissY1LL+3r3r3hYHIse4A==",
      "dev": true,
      "dependencies": {
        "is-glob": "^4.0.1"
      },
      "engines": {
        "node": ">= 6"
      }
    },
    "node_modules/globals": {
      "version": "11.12.0",
      "resolved": "https://registry.npmjs.org/globals/-/globals-11.12.0.tgz",
      "integrity": "sha512-WOBp/EEGUiIsJSp7wcv/y6C/eLDehFFABLfhxPLeuY3L0i4Q0G2LmB+G5e9+BgfO84E8/TCoRKHForxTnJS7OA==",
      "dev": true,
      "engines": {
        "node": ">=4"
      }
    },
    "node_modules/has-flag": {
      "version": "3.0.0",
      "resolved": "https://registry.npmjs.org/has-flag/-/has-flag-3.0.0.tgz",
      "integrity": "sha512-sKicNTrxAS4F1mNAD+ryvlCymVx/MhkMvWQpT+r3soFm2IHzTvOL3F2CfeHJ6fX/sFunBuYMcTCJ+b8P9Zc22w==",
      "dev": true,
      "engines": {
        "node": ">=4"
      }
    },
    "node_modules/is-glob": {
      "version": "4.0.3",
      "resolved": "https://registry.npmjs.org/is-glob/-/is-glob-4.0.3.tgz",
      "integrity": "sha512-xelSayHH36ZgE7ZWhli7pW34hNbNl8Ojv5KVmkJD4hAfvItvsAPcE1z1/9A9GOag7bPW3of6Hph/GTG+Y/VBAg==",
      "dev": true,
      "dependencies": {
        "is-extglob": "^2.1.1"
      },
      "engines": {
        "node": ">=0.10.0"
      }
    },
    "node_modules/is-number": {
      "version": "7.0.0",
      "resolved": "https://registry.npmjs.org/is-number/-/is-number-7.0.0.tgz",
      "integrity": "sha512-41Cifkg6e8TylSpdtTpeLVMqvSBEVzTttHvERD741+pnZ8ANv0004MRL43QKPDlK9rLSo9BG+UCLA5PPSRF8EA==",
      "dev": true,
      "engines": {
        "node": ">=0.12.0"
      }
    },
    "node_modules/js-tokens": {
      "version": "4.0.0",
      "resolved": "https://registry.npmjs.org/js-tokens/-/js-tokens-4.0.0.tgz",
      "integrity": "sha512-RdJUflcE3cUzKiMqQgsCu06FPu9UdIJO0beYbPhHN4k6apgJtifcoCtT9bcxOpYBtpD2kCM6Sbzg4CausW/PKQ==",
      "dev": true
    },
    "node_modules/jsesc": {
      "version": "2.5.2",
      "resolved": "https://registry.npmjs.org/jsesc/-/jsesc-2.5.2.tgz",
      "integrity": "sha512-OYu7XEzjkCQ3C5Ps3QIZsQfNpqoJyZZA99wd9aWd05NCtC5pWLe72vL/KxRdNf6vGrdjVodXWGlKO5wL8N63wA==",
      "dev": true,
      "bin": {
        "jsesc": "bin/jsesc"
      },
      "engines": {
        "node": ">=4"
      }
    },
    "node_modules/json5": {
      "version": "2.2.3",
      "resolved": "https://registry.npmjs.org/json5/-/json5-2.2.3.tgz",
      "integrity": "sha512-XmOWe7eySUE5H1eCZoc+pnsgdYkshiWn2pZk/vMr9u4gKlLIT6A8hQhGe33JoaTnPJS27jwCmhGb8GfLh/MAYg==",
      "dev": true,
      "bin": {
        "json5": "lib/cli.js"
      },
      "engines": {
        "node": ">=6"
      }
    },
    "node_modules/loose-envify": {
      "version": "1.4.0",
      "resolved": "https://registry.npmjs.org/loose-envify/-/loose-envify-1.4.0.tgz",
      "integrity": "sha512-lyuxPGr/Wfhrlem2CL/UcnUc1zcqKAImBDzukY7Y5F/yQiNdko6+fRLevlw1HgMySw7f611UIY408EtxRSoK3Q==",
      "dependencies": {
        "js-tokens": "^3.0.0 || ^4.0.0"
      },
      "bin": {
        "envify": "cli.js"
      }
    },
    "node_modules/loose-envify/node_modules/js-tokens": {
      "version": "4.0.0",
      "resolved": "https://registry.npmjs.org/js-tokens/-/js-tokens-4.0.0.tgz",
      "integrity": "sha512-RdJUflcE3cUzKiMqQgsCu06FPu9UdIJO0beYbPhHN4k6apgJtifcoCtT9bcxOpYBtpD2kCM6Sbzg4CausW/PKQ=="
    },
    "node_modules/merge2": {
      "version": "1.4.1",
      "resolved": "https://registry.npmjs.org/merge2/-/merge2-1.4.1.tgz",
      "integrity": "sha512-mMhV1WAwvc5wTasae9WkKvmx2Fk1m2jBibQOUtMtmLSGSpfB/qRy6o1MwdCN28N0sYj7EWKBZ76AawzPAtKwvA==",
      "dev": true,
      "engines": {
        "node": ">= 8"
      }
    },
    "node_modules/micromatch": {
      "version": "4.0.7",
      "resolved": "https://registry.npmjs.org/micromatch/-/micromatch-4.0.7.tgz",
      "integrity": "sha512-yKecxrUAGIe2A2XXLsmBw2S4IHo/0cI73aXGllPkpAn4s8/dPDfB2Bwsd+gRsl2EwR+a28bS+pLpIsrCdw2mCA==",
      "dev": true,
      "dependencies": {
        "braces": "^3.0.3",
        "picomatch": "^3.0.1"
      },
      "engines": {
        "node": ">=8"
      }
    },
    "node_modules/ms": {
      "version": "2.1.2",
      "resolved": "https://registry.npmjs.org/ms/-/ms-2.1.2.tgz",
      "integrity": "sha512-sGkPx+VjMtmA6MX27oA4FBFELFCZZ4S4XqeGOXCv68tT+jb3vk/RyaKWP0PTKyWtmLSM0b+adUTEvbs1PEAxBg==",
      "dev": true
    },
    "node_modules/nanoid": {
      "version": "3.3.7",
      "resolved": "https://registry.npmjs.org/nanoid/-/nanoid-3.3.7.tgz",
      "integrity": "sha512-eSP3bOCEDs2x/r+4H29A1P0v6ff5/1L6n/a3h2kOKsH224sEd1i52458ZSt2go1a3zFxSY1G3uT42eXlXh4A=="_integrity": "sha512-uG/En/yC85t0hL/1j85Y8iPQ2Q7iVrVPEH3/I5s+XbSAfS3k++3GQRi9wY+dQBYmeuj2Cqj2bI08iJea2iKzOQ==",
      "dev": true,
      "funding": [
        {
          "type": "github",
          "url": "https://github.com/sponsors/ai"
        }
      ],
      "bin": {
        "nanoid": "bin/nanoid.js"
      },
      "engines": {
        "node": "^10 || ^12 || ^13.7 || ^14 || >=15.0.1"
      }
    },
    "node_modules/node-releases": {
      "version": "2.0.14",
      "resolved": "https://registry.npmjs.org/node-releases/-/node-releases-2.0.14.tgz",
      "integrity": "sha512-yJkMXG7iP6Rcz0Q6yNl4kQd53gyEK2+Cr0jA0jw2v6s/OrPqmTjN9ag2A3v721hB7bT+mp5y45j0N3K3yecgmg==",
      "dev": true,
      "funding": {
        "type": "opencollective",
        "url": "https://opencollective.com/browserslist"
      }
    },
    "node_modules/picocolors": {
      "version": "1.0.1",
      "resolved": "https://registry.npmjs.org/picocolors/-/picocolors-1.0.1.tgz",
      "integrity": "sha512-anP1Z8qwhCfnzwO2d9vN29/9wz9/Nf5i5bs8iGLPzKUmT+35he1cfv/D1hGgB2fFfWVt0fAigv/1K0mB28ydpA==",
      "dev": true
    },
    "node_modules/picomatch": {
      "version": "3.0.1",
      "resolved": "https://registry.npmjs.org/picomatch/-/picomatch-3.0.1.tgz",
      "integrity": "sha512-Soxtp3lgAdQyfit/1P30/S2nnfHiXyBOr8uJ1yD25cQzP8V23K0n3NIxXjHwYyF4n8v4jBSZp2/2XQdI1G1tQ==",
      "dev": true,
      "engines": {
        "node": ">=8"
      },
      "funding": {
        "url": "https://github.com/sponsors/jonschlinkert"
      }
    },
    "node_modules/postcss": {
      "version": "8.4.38",
      "resolved": "https://registry.npmjs.org/postcss/-/postcss-8.4.38.tgz",
      "integrity": "sha512-addJNi8MgimxImrAnDddb7UndiceIZ2H6x8/31t3z3C1z+Nda03k6Jzbh8nJdYkEonR5Q/W2TtoIGy/1jCbDQA==",
      "dev": true,
      "funding": [
        {
          "type": "opencollective",
          "url": "https://opencollective.com/postcss/"
        },
        {
          "type": "tidelift",
          "url": "https://tidelift.com/funding/github/npm/postcss"
        },
        {
          "type": "github",
          "url": "https://github.com/sponsors/ai"
        }
      ],
      "dependencies": {
        "nanoid": "^3.3.7",
        "picocolors": "^1.0.0",
        "source-map-js": "^1.2.0"
      },
      "engines": {
        "node": "^10 || ^12 || >=14"
      }
    },
    "node_modules/react": {
      "version": "18.3.1",
      "resolved": "https://registry.npmjs.org/react/-/react-18.3.1.tgz",
      "integrity": "sha512-wS+hAgJShmbnCjSvgRA7jcfMvPo3vrJ2l1fBOo9AaTArfDqIAlCceY/Al4c1B9msJAisBERyqS2sCeAlAr1hQA==",
      "dependencies": {
        "loose-envify": "^1.1.0"
      },
      "engines": {
        "node": ">=0.10.0"
      }
    },
    "node_modules/react-dom": {
      "version": "18.3.1",
      "resolved": "https://registry.npmjs.org/react-dom/-/react-dom-18.3.1.tgz",
      "integrity": "sha512-5m4nQKp+rZRb09LNH59GM4BxTh9251/16l2p2U35S23U1t+5i5k5PZ+cLSjL/PM1Hq6nQoZf3WasT4nscPZJHQ==",
      "dependencies": {
        "loose-envify": "^1.1.0",
        "scheduler": "^0.23.2"
      },
      "peerDependencies": {
        "react": "18.3.1"
      }
    },
    "node_modules/rollup": {
      "version": "4.18.0",
      "resolved": "https://registry.npmjs.org/rollup/-/rollup-4.18.0.tgz",
      "integrity": "sha512-dG/IeA/3Kbb5854l/y0MDUrS1g3Zf6A/yT0X8oW1/hPj6KOQoA2ug/sH5FSSxJ4sY2u4vEnp8TIOHwQxXg==",
      "dev": true,
      "bin": {
        "rollup": "dist/bin/rollup"
      },
      "engines": {
        "node": ">=18.0.0",
        "npm": ">=8.0.0"
      },
      "optionalDependencies": {
        "fsevents": "~2.3.2"
      }
    },
    "node_modules/rollup/node_modules/fsevents": {
      "version": "2.3.3",
      "resolved": "https://registry.npmjs.org/fsevents/-/fsevents-2.3.3.tgz",
      "integrity": "sha512-52V8VwiGmxssFIAr3dDahtgqj400pKQnstIi9z7AP/+9gt2mZ1VqT8Kx51I/XQx8D8+pewBNIjbM0+nEaC2hQg==",
      "dev": true,
      "optional": true,
      "os": [
        "darwin"
      ],
      "engines": {
        "node": "^8.16.0 || ^10.6.0 || >=11.0.0"
      }
    },
    "node_modules/scheduler": {
      "version": "0.23.2",
      "resolved": "https://registry.npmjs.org/scheduler/-/scheduler-0.23.2.tgz",
      "integrity": "sha512-cpRXDS4pD+T+rMbdCc0Iu7uP/eYW7L32q+eVoV46iTmybJNDJz2byiCEyv9LADgqfQc9T5e2PFNpE4t/y2C3Iw==",
      "dependencies": {
        "loose-envify": "^1.1.0"
      }
    },
    "node_modules/semver": {
      "version": "6.3.1",
      "resolved": "https://registry.npmjs.org/semver/-/semver-6.3.1.tgz",
      "integrity": "sha512-BR7VvDC0XnQ+t5+AHPMyxfcvb3PSxMyg8g1Lfq3HBFM8JTAe29d9S4CaY/I0inGRYse83mUObvJdjdLpGUJI2w==",
      "dev": true,
      "bin": {
        "semver": "bin/semver.js"
      }
    },
    "node_modules/source-map-js": {
      "version": "1.2.0",
      "resolved": "https://registry.npmjs.org/source-map-js/-/source-map-js-1.2.0.tgz",
      "integrity": "sha512-itJW8lvSA0imCmpzK14c4sFSyS6i9n3f3MKMw3VcFyOFv7Qv15372sOw4d6yPgp+t1PZg8k50e0Tz3ZybhQ/gA==",
      "dev": true,
      "engines": {
        "node": ">=0.10.0"
      }
    },
    "node_modules/supports-color": {
      "version": "5.5.0",
      "resolved": "https://registry.npmjs.org/supports-color/-/supports-color-5.5.0.tgz",
      "integrity": "sha512-QjVjwdXIt408MIiAqCX4oUKsgU2EkAGU0ciFhGoII5bfjyqIt4WAYabFFd5NsL2FCG8HAX4uvM5RC+Kz0z2Z7g==",
      "dev": true,
      "dependencies": {
        "has-flag": "^3.0.0"
      },
      "engines": {
        "node": ">=4"
      }
    },
    "node_modules/to-fast-properties": {
      "version": "2.0.0",
      "resolved": "https://registry.npmjs.org/to-fast-properties/-/to-fast-properties-2.0.0.tgz",
      "integrity": "sha512-adqP764sA3t7EDH2dM+BLmuJcKotYndxawmYJ79qOkRGUfONzLkaup0PstvxOV9Xfq3pwZpE+VrgU22eA7biEA==",
      "dev": true,
      "engines": {
        "node": ">=4"
      }
    },
    "node_modules/to-regex-range": {
      "version": "5.0.1",
      "resolved": "https://registry.npmjs.org/to-regex-range/-/to-regex-range-5.0.1.tgz",
      "integrity": "sha512-652pblAfenLyt4CF+VWy+mA82imVgK289e6e3IusCLK+P0i4A9YvDk5MythSvBrM/YjVbJ4iUzz6zsERK6r70w==",
      "dev": true,
      "dependencies": {
        "is-number": "^7.0.0"
      },
      "engines": {
        "node": ">=8.0"
      }
    },
    "node_modules/typescript": {
      "version": "5.5.3",
      "resolved": "https://registry.npmjs.org/typescript/-/typescript-5.5.3.tgz",
      "integrity": "sha512-UMrweP9bM3/M/99G/e2NnFttM5uonk2bCAlqD4T2LqB+A/+wVwT5e2rLw8zIewhYFphr2k1T1eH4XDYoMyy9gA==",
      "dev": true,
      "bin": {
        "tsc": "bin/tsc",
        "tsserver": "bin/tsserver"
      },
      "engines": {
        "node": ">=14.17"
      }
    },
    "node_modules/undici-types": {
      "version": "5.26.5",
      "resolved": "https://registry.npmjs.org/undici-types/-/undici-types-5.26.5.tgz",
      "integrity": "sha512-JlCMO+ehdEIKqlFxk6IfVoAUVmgz7cU7zD/h9XZ0qzeosSHmUJVOzSQvvYSYWXkFXC+IfLKSIffhv0sVZup6pA==",
      "dev": true
    },
    "node_modules/update-browserslist-db": {
      "version": "1.0.16",
      "resolved": "https://registry.npmjs.org/update-browserslist-db/-/update-browserslist-db-1.0.16.tgz",
      "integrity": "sha512-yZ1qR2kH20wS1fTs2I2vne/ALQ2wMv3e1K1NufgO46d+zcsO6lsc+oOAZiZ3kEXs3SdnLqBGaNfT8K2sWQxS/A==",
      "dev": true,
      "funding": [
        {
          "type": "opencollective",
          "url": "https://opencollective.com/browserslist"
        },
        {
          "type": "tidelift",
          "url": "https://tidelift.com/subscription/pkg/npm-update-browserslist-db"
        }
      ],
      "dependencies": {
        "picocolors": "^1.0.0"
      },
      "bin": {
        "update-browserslist-db": "cli.js"
      },
      "peerDependencies": {
        "browserslist": ">= 4.21.0"
      }
    },
    "node_modules/vite": {
      "version": "5.3.1",
      "resolved": "https://registry.npmjs.org/vite/-/vite-5.3.1.tgz",
      "integrity": "sha512-jA8ZgB69QvY+35n1kE325j0ztbT+g/L2aJqg0AqTIbB7S0oJLyQAsxI5A7p+vB0fS+z2mGoyq+cQLgRBzEbfiw==",
      "dev": true,
      "bin": {
        "vite": "bin/vite.js"
      },
      "engines": {
        "node": "^18.0.0 || >=20.0.0"
      },
      "funding": {
        "url": "https://github.com/sponsors/yyx990803"
      },
      "optionalDependencies": {
        "fsevents": "~2.3.2"
      },
      "peerDependencies": {
        "postcss": "^8.4.16",
        "rollup": "^4.9.0"
      },
      "peerDependenciesMeta": {
        "postcss": {
          "optional": true
        },
        "rollup": {
          "optional": true
        }
      }
    },
    "node_modules/vite/node_modules/fsevents": {
      "version": "2.3.3",
      "resolved": "https://registry.npmjs.org/fsevents/-/fsevents-2.3.3.tgz",
      "integrity": "sha512-52V8VwiGmxssFIAr3dDahtgqj400pKQnstIi9z7AP/+9gt2mZ1VqT8Kx51I/XQx8D8+pewBNIjbM0+nEaC2hQg==",
      "dev": true,
      "optional": true,
      "os": [
        "darwin"
      ],
      "engines": {
        "node": "^8.16.0 || ^10.6.0 || >=11.0.0"
      }
    }
  }
}
